
Microsoft Visual Studio Solution File, Format Version 12.00
# Visual Studio Version 16
VisualStudioVersion = 16.0.30621.155
MinimumVisualStudioVersion = 10.0.40219.1
Project("{888888A0-9F3D-457C-B088-3A5042F75D52}") = "DB_SCAN", "DB_SCAN\DB_SCAN.pyproj", "{83B905D2-55B4-45D8-A5AB-300A0A770140}"
EndProject
Project("{2150E333-8FDC-42A3-9474-1A3956D46DE8}") = "Solution Items", "Solution Items", "{226CD297-E230-44DC-88E1-300257EB86D8}"
EndProject
Global
	GlobalSection(SolutionConfigurationPlatforms) = preSolution
		Debug|Any CPU = Debug|Any CPU
		Release|Any CPU = Release|Any CPU
	EndGlobalSection
	GlobalSection(ProjectConfigurationPlatforms) = postSolution
		{83B905D2-55B4-45D8-A5AB-300A0A770140}.Debug|Any CPU.ActiveCfg = Debug|Any CPU
		{83B905D2-55B4-45D8-A5AB-300A0A770140}.Release|Any CPU.ActiveCfg = Release|Any CPU
	EndGlobalSection
	GlobalSection(SolutionProperties) = preSolution
		HideSolutionNode = FALSE
	EndGlobalSection
	GlobalSection(ExtensibilityGlobals) = postSolution
		SolutionGuid = {9E076668-BD5E-433F-8B30-5B486E7C5D49}
	EndGlobalSection
EndGlobal
